{
  "version": 4,
  "terraform_version": "0.12.20",
  "serial": 160,
  "lineage": "b5110139-bb9c-ef3b-5865-f50e0775b125",
  "outputs": {},
  "resources": [
    {
      "module": "module.ec2",
      "mode": "data",
      "type": "aws_ami",
      "name": "ubuntu",
      "provider": "provider.aws",
      "instances": [
        {
          "schema_version": 0,
          "attributes": {
            "architecture": "x86_64",
            "block_device_mappings": [
              {
                "device_name": "/dev/sda1",
                "ebs": {
                  "delete_on_termination": "true",
                  "encrypted": "false",
                  "iops": "0",
                  "snapshot_id": "snap-0d2a2e7855e80a405",
                  "volume_size": "8",
                  "volume_type": "gp2"
                },
                "no_device": "",
                "virtual_name": ""
              },
              {
                "device_name": "/dev/sdb",
                "ebs": {},
                "no_device": "",
                "virtual_name": "ephemeral0"
              },
              {
                "device_name": "/dev/sdc",
                "ebs": {},
                "no_device": "",
                "virtual_name": "ephemeral1"
              }
            ],
            "creation_date": "2020-04-09T16:44:27.000Z",
            "description": "Canonical, Ubuntu, 18.04 LTS, amd64 bionic image build on 2020-04-08",
            "executable_users": null,
            "filter": [
              {
                "name": "name",
                "values": [
                  "ubuntu/images/hvm-ssd/ubuntu-bionic-18.04-amd64-server-*"
                ]
              },
              {
                "name": "virtualization-type",
                "values": [
                  "hvm"
                ]
              }
            ],
            "hypervisor": "xen",
            "id": "ami-07c1207a9d40bc3bd",
            "image_id": "ami-07c1207a9d40bc3bd",
            "image_location": "099720109477/ubuntu/images/hvm-ssd/ubuntu-bionic-18.04-amd64-server-20200408",
            "image_owner_alias": null,
            "image_type": "machine",
            "kernel_id": null,
            "most_recent": true,
            "name": "ubuntu/images/hvm-ssd/ubuntu-bionic-18.04-amd64-server-20200408",
            "name_regex": null,
            "owner_id": "099720109477",
            "owners": [
              "099720109477"
            ],
            "platform": null,
            "product_codes": [],
            "public": true,
            "ramdisk_id": null,
            "root_device_name": "/dev/sda1",
            "root_device_type": "ebs",
            "root_snapshot_id": "snap-0d2a2e7855e80a405",
            "sriov_net_support": "simple",
            "state": "available",
            "state_reason": {
              "code": "UNSET",
              "message": "UNSET"
            },
            "tags": {},
            "virtualization_type": "hvm"
          }
        }
      ]
    },
    {
      "module": "module.network",
      "mode": "managed",
      "type": "aws_default_subnet",
      "name": "default_subnet_tf",
      "provider": "provider.aws",
      "instances": [
        {
          "schema_version": 1,
          "attributes": {
            "arn": "arn:aws:ec2:us-east-2:579977506858:subnet/subnet-c9a9b4b1",
            "assign_ipv6_address_on_creation": false,
            "availability_zone": "us-east-2b",
            "availability_zone_id": "use2-az2",
            "cidr_block": "172.31.16.0/20",
            "id": "subnet-c9a9b4b1",
            "ipv6_cidr_block": "",
            "ipv6_cidr_block_association_id": "",
            "map_public_ip_on_launch": true,
            "owner_id": "579977506858",
            "tags": {
              "Name": "Default subnet for terraform"
            },
            "timeouts": null,
            "vpc_id": "vpc-1019eb79"
          },
          "private": "eyJlMmJmYjczMC1lY2FhLTExZTYtOGY4OC0zNDM2M2JjN2M0YzAiOnsiY3JlYXRlIjo2MDAwMDAwMDAwMDAsImRlbGV0ZSI6MTIwMDAwMDAwMDAwMH0sInNjaGVtYV92ZXJzaW9uIjoiMSJ9"
        }
      ]
    },
    {
      "module": "module.network",
      "mode": "managed",
      "type": "aws_default_vpc",
      "name": "default",
      "provider": "provider.aws",
      "instances": [
        {
          "schema_version": 1,
          "attributes": {
            "arn": "arn:aws:ec2:us-east-2:579977506858:vpc/vpc-1019eb79",
            "assign_generated_ipv6_cidr_block": false,
            "cidr_block": "172.31.0.0/16",
            "default_network_acl_id": "acl-0af10c63",
            "default_route_table_id": "rtb-d43dc0bd",
            "default_security_group_id": "sg-0207c16b",
            "dhcp_options_id": "dopt-59b14c30",
            "enable_classiclink": null,
            "enable_classiclink_dns_support": null,
            "enable_dns_hostnames": true,
            "enable_dns_support": true,
            "id": "vpc-1019eb79",
            "instance_tenancy": "default",
            "ipv6_association_id": "",
            "ipv6_cidr_block": "",
            "main_route_table_id": "rtb-d43dc0bd",
            "owner_id": "579977506858",
            "tags": {
              "Name": "Default VPC"
            }
          },
          "private": "eyJzY2hlbWFfdmVyc2lvbiI6IjEifQ=="
        }
      ]
    },
    {
      "module": "module.ec2",
      "mode": "managed",
      "type": "aws_ebs_volume",
      "name": "volume-swap",
      "provider": "provider.aws",
      "instances": [
        {
          "schema_version": 0,
          "attributes": {
            "arn": "arn:aws:ec2:us-east-2:579977506858:volume/vol-0da4c61e9085462c9",
            "availability_zone": "us-east-2b",
            "encrypted": false,
            "id": "vol-0da4c61e9085462c9",
            "iops": 100,
            "kms_key_id": "",
            "size": 4,
            "snapshot_id": "",
            "tags": {
              "Name": "Prueba",
              "client": "lumston",
              "environment": "dev",
              "project": "lumston"
            },
            "type": "gp2"
          },
          "private": "bnVsbA=="
        }
      ]
    },
    {
      "module": "module.ec2",
      "mode": "managed",
      "type": "aws_instance",
      "name": "instancia-tf",
      "provider": "provider.aws",
      "instances": [
        {
          "schema_version": 1,
          "attributes": {
            "ami": "ami-07c1207a9d40bc3bd",
            "arn": "arn:aws:ec2:us-east-2:579977506858:instance/i-056ddd91169fd38f0",
            "associate_public_ip_address": true,
            "availability_zone": "us-east-2b",
            "cpu_core_count": 1,
            "cpu_threads_per_core": 2,
            "credit_specification": [
              {
                "cpu_credits": "unlimited"
              }
            ],
            "disable_api_termination": true,
            "ebs_block_device": [],
            "ebs_optimized": false,
            "ephemeral_block_device": [],
            "get_password_data": false,
            "hibernation": false,
            "host_id": null,
            "iam_instance_profile": "",
            "id": "i-056ddd91169fd38f0",
            "instance_initiated_shutdown_behavior": null,
            "instance_state": "running",
            "instance_type": "t3.micro",
            "ipv6_address_count": 0,
            "ipv6_addresses": [],
            "key_name": "tindalos",
            "metadata_options": [
              {
                "http_endpoint": "enabled",
                "http_put_response_hop_limit": 1,
                "http_tokens": "optional"
              }
            ],
            "monitoring": false,
            "network_interface": [],
            "network_interface_id": null,
            "password_data": "",
            "placement_group": "",
            "primary_network_interface_id": "eni-0a20c1de74b6ca243",
            "private_dns": "ip-172-31-31-117.us-east-2.compute.internal",
            "private_ip": "172.31.31.117",
            "public_dns": "ec2-18-220-39-94.us-east-2.compute.amazonaws.com",
            "public_ip": "18.220.39.94",
            "root_block_device": [
              {
                "delete_on_termination": true,
                "encrypted": false,
                "iops": 100,
                "kms_key_id": "",
                "volume_id": "vol-08c45664314ad22f9",
                "volume_size": 8,
                "volume_type": "gp2"
              }
            ],
            "security_groups": [
              "lumston app"
            ],
            "source_dest_check": true,
            "subnet_id": "subnet-c9a9b4b1",
            "tags": {
              "Name": "Prueba",
              "client": "lumston",
              "environment": "dev",
              "project": "lumston"
            },
            "tenancy": "default",
            "timeouts": null,
            "user_data": "8f3b9a71d2024e8f022cdc2f18fd966753cca78d",
            "user_data_base64": null,
            "volume_tags": {
              "Name": "Prueba",
              "client": "lumston",
              "environment": "dev",
              "project": "lumston"
            },
            "vpc_security_group_ids": [
              "sg-0e61874b47ef9085a"
            ]
          },
          "private": "eyJlMmJmYjczMC1lY2FhLTExZTYtOGY4OC0zNDM2M2JjN2M0YzAiOnsiY3JlYXRlIjo2MDAwMDAwMDAwMDAsImRlbGV0ZSI6MTIwMDAwMDAwMDAwMCwidXBkYXRlIjo2MDAwMDAwMDAwMDB9LCJzY2hlbWFfdmVyc2lvbiI6IjEifQ==",
          "dependencies": [
            "module.key_pair.aws_key_pair.lumston-key",
            "module.network.aws_default_subnet.default_subnet_tf",
            "module.securityGroups.aws_security_group.frontEnd"
          ]
        }
      ]
    },
    {
      "module": "module.key_pair",
      "mode": "managed",
      "type": "aws_key_pair",
      "name": "lumston-key",
      "provider": "provider.aws",
      "instances": [
        {
          "schema_version": 1,
          "attributes": {
            "fingerprint": "0a:9b:88:b6:82:90:10:5b:ac:4b:a9:1c:d9:08:76:71",
            "id": "tindalos",
            "key_name": "tindalos",
            "key_name_prefix": null,
            "key_pair_id": "key-06d709d74c50d2db7",
            "public_key": "ssh-rsa AAAAB3NzaC1yc2EAAAADAQABAAABgQC6qHAC48W4E/YwiYS7r50fnyI6mLaogat1b4MrjCRIA9OGPoID8yvJB3AH5TLneSjex8NmMafaxfDjLbjiUeNbyC4wWjNrFoEGiz3gI102X0+HqGJASAMsfFVAYwhlUp/qo5UtHVEYT7lHrUMDuK8/ELMrDG9zGGHIGGsuQcpoy6hwgG1X5z6xXGE5/hisQkZDEJH4gAkhnPLWYTvgjrmL0WR140kOvbwiRptNJzfaIPWcw62cEkIRugS0/TjOSkFb/BBUVvm4/c45rRcRGJNz/K70uCW4XGubz3N5YD8f3h7q4v81N0h3fOoB6YC+eUqnMbxfqMvT/o9xsfacazgt6tvgp+GNRFjx150eOqv2VBy1hs/6O6hfrzDe8uqw4acp3OHJ6GCCWoOg/OTU15j38D0rT8zUrPPZsBJ3juhbAYnmrnYw761EAiBRwv8AfaFtd7ToNvyyCdYKxKqHHFMNP+u0pjpV2i6LBRxlpQg6oO+Y52bqtYBY65213vc+RPk= nol@localhost.localdomain",
            "tags": {
              "client": "client",
              "environment": "test",
              "project": "projet"
            }
          },
          "private": "eyJzY2hlbWFfdmVyc2lvbiI6IjEifQ=="
        }
      ]
    },
    {
      "module": "module.securityGroups",
      "mode": "managed",
      "type": "aws_security_group",
      "name": "frontEnd",
      "provider": "provider.aws",
      "instances": [
        {
          "schema_version": 1,
          "attributes": {
            "arn": "arn:aws:ec2:us-east-2:579977506858:security-group/sg-0e61874b47ef9085a",
            "description": "Only SSH and APP port inbound",
            "egress": [
              {
                "cidr_blocks": [
                  "0.0.0.0/0"
                ],
                "description": "",
                "from_port": 0,
                "ipv6_cidr_blocks": [],
                "prefix_list_ids": [],
                "protocol": "-1",
                "security_groups": [],
                "self": false,
                "to_port": 0
              }
            ],
            "id": "sg-0e61874b47ef9085a",
            "ingress": [
              {
                "cidr_blocks": [
                  "0.0.0.0/0"
                ],
                "description": "",
                "from_port": 80,
                "ipv6_cidr_blocks": [],
                "prefix_list_ids": [],
                "protocol": "tcp",
                "security_groups": [],
                "self": false,
                "to_port": 80
              },
              {
                "cidr_blocks": [
                  "187.189.190.59/32"
                ],
                "description": "",
                "from_port": 22,
                "ipv6_cidr_blocks": [],
                "prefix_list_ids": [],
                "protocol": "tcp",
                "security_groups": [],
                "self": false,
                "to_port": 22
              }
            ],
            "name": "lumston app",
            "name_prefix": null,
            "owner_id": "579977506858",
            "revoke_rules_on_delete": false,
            "tags": {
              "Name": "Prueba",
              "client": "desarrollo",
              "environment": "dev",
              "project": "lumton"
            },
            "timeouts": null,
            "vpc_id": "vpc-1019eb79"
          },
          "private": "eyJlMmJmYjczMC1lY2FhLTExZTYtOGY4OC0zNDM2M2JjN2M0YzAiOnsiY3JlYXRlIjo2MDAwMDAwMDAwMDAsImRlbGV0ZSI6NjAwMDAwMDAwMDAwfSwic2NoZW1hX3ZlcnNpb24iOiIxIn0=",
          "dependencies": [
            "module.network.aws_default_subnet.default_subnet_tf"
          ]
        }
      ]
    },
    {
      "module": "module.ec2",
      "mode": "managed",
      "type": "aws_volume_attachment",
      "name": "ebs_att",
      "provider": "provider.aws",
      "instances": [
        {
          "schema_version": 0,
          "attributes": {
            "device_name": "/dev/sdh",
            "force_detach": null,
            "id": "vai-2984334168",
            "instance_id": "i-056ddd91169fd38f0",
            "skip_destroy": null,
            "volume_id": "vol-0da4c61e9085462c9"
          },
          "private": "bnVsbA==",
          "dependencies": [
            "module.ec2.aws_ebs_volume.volume-swap",
            "module.ec2.aws_instance.instancia-tf",
            "module.key_pair.aws_key_pair.lumston-key",
            "module.network.aws_default_subnet.default_subnet_tf",
            "module.securityGroups.aws_security_group.frontEnd"
          ]
        }
      ]
    }
  ]
}
